
Microsoft Visual Studio Solution File, Format Version 12.00
# Visual Studio Version 16
VisualStudioVersion = 16.0.31005.135
MinimumVisualStudioVersion = 10.0.40219.1
Project("{FAE04EC0-301F-11D3-BF4B-00C04F79EFBC}") = "ConsoleApp1", "ConsoleApp1\ConsoleApp1.csproj", "{CDFF3B60-5A1F-4BB8-92DF-C38441C25F40}"
EndProject
Global
	GlobalSection(SolutionConfigurationPlatforms) = preSolution
		Debug|Any CPU = Debug|Any CPU
		Release|Any CPU = Release|Any CPU
	EndGlobalSection
	GlobalSection(ProjectConfigurationPlatforms) = postSolution
		{CDFF3B60-5A1F-4BB8-92DF-C38441C25F40}.Debug|Any CPU.ActiveCfg = Debug|Any CPU
		{CDFF3B60-5A1F-4BB8-92DF-C38441C25F40}.Debug|Any CPU.Build.0 = Debug|Any CPU
		{CDFF3B60-5A1F-4BB8-92DF-C38441C25F40}.Release|Any CPU.ActiveCfg = Release|Any CPU
		{CDFF3B60-5A1F-4BB8-92DF-C38441C25F40}.Release|Any CPU.Build.0 = Release|Any CPU
	EndGlobalSection
	GlobalSection(SolutionProperties) = preSolution
		HideSolutionNode = FALSE
	EndGlobalSection
	GlobalSection(ExtensibilityGlobals) = postSolution
		SolutionGuid = {E766825B-4387-48AC-9DC0-028ED4E1D380}
	EndGlobalSection
EndGlobal
